<?xml version="1.0" encoding="utf-8"?>
<Project ToolsVersion="4.0" xmlns="http://schemas.microsoft.com/developer/msbuild/2003">
  <ItemGroup>
    <ClCompile Include="PE\Engine\Engine.cpp" />
    <ClCompile Include="PE\Engine\Screen.cpp" />
    <ClCompile Include="PE\Game\Game.cpp" />
    <ClCompile Include="PE\Game\GameGraphics.cpp" />
    <ClCompile Include="PE\Game\GameSettings.cpp" />
    <ClCompile Include="PE\Asset\Animation.cpp" />
    <ClCompile Include="PE\Asset\Asset.cpp" />
    <ClCompile Include="PE\Asset\AudioFile.cpp" />
    <ClCompile Include="PE\Asset\Scene.cpp" />
    <ClCompile Include="PE\Asset\SoundChannel.cpp" />
    <ClCompile Include="PE\Asset\Sprite.cpp" />
    <ClCompile Include="PE\Asset\Tile.cpp" />
    <ClCompile Include="PE\GameObject\GameObject.cpp" />
    <ClCompile Include="PE\Utils\Random.cpp" />
    <ClCompile Include="PE\Utils\String.cpp" />
    <ClCompile Include="PE\Utils\Vector2.cpp" />
    <ClCompile Include="PE\Utils\Math.cpp" />
    <ClCompile Include="PE\Utils\StringBuilder.cpp" />
    <ClCompile Include="PE\Utils\Exceptions\OperatorException.cpp" />
    <ClCompile Include="PE\Utils\Color.cpp" />
    <ClCompile Include="PE\Graphics\Font.cpp" />
    <ClCompile Include="PE\GameObject\GameComponent\UI\TextRenderer.cpp" />
    <ClCompile Include="PE\GameObject\GameComponent\GameComponent.cpp" />
    <ClCompile Include="PE\GameObject\GameComponent\SpriteRenderer.cpp" />
    <ClCompile Include="PE\GameObject\GameComponent\TileMap.cpp" />
    <ClCompile Include="PE\GameObject\GameComponent\RigidBody2D.cpp" />
    <ClCompile Include="PE\GameObject\GameComponent\Camera.cpp" />
    <ClCompile Include="PE\GameObject\GameComponent\BoxCollider2D.cpp" />
    <ClCompile Include="PE\GameObject\GameComponent\Audio.cpp" />
    <ClCompile Include="PE\GameObject\GameComponent\Animator.cpp" />
    <ClCompile Include="PE\Engine\UI\EnginePanel.cpp" />
    <ClCompile Include="PE\Asset\AssetsBuffer.cpp" />
    <ClCompile Include="PE\Utils\File.cpp" />
    <ClCompile Include="PE\Utils\Exceptions\Exception.cpp" />
    <ClCompile Include="PE\Utils\Json.cpp" />
    <ClCompile Include="PE\Utils\Exceptions\IndexOutOfRangeException.cpp" />
    <ClCompile Include="PE\Utils\Exceptions\FileNotFoundException.cpp" />
    <ClCompile Include="PE\Utils\Exceptions\BadJsonFormatException.cpp" />
    <ClCompile Include="PE\Utils\Exceptions\BadFormatException.cpp" />
    <ClCompile Include="PE\Utils\SmartPointers\SharedPtr.cpp" />
    <ClCompile Include="PE\Utils\Transform.cpp" />
  </ItemGroup>
  <ItemGroup>
    <ClInclude Include="PE\Engine\Engine.hpp" />
    <ClInclude Include="PE\Engine\Screen.hpp" />
    <ClInclude Include="PE\Engine.hpp" />
    <ClInclude Include="PE\Game.hpp" />
    <ClInclude Include="PE\Game\Game.hpp" />
    <ClInclude Include="PE\Game\GameGraphics.hpp" />
    <ClInclude Include="PE\Game\GameSettings.hpp" />
    <ClInclude Include="PE\Asset\Animation.hpp" />
    <ClInclude Include="PE\Asset\Asset.hpp" />
    <ClInclude Include="PE\Asset\AudioFile.hpp" />
    <ClInclude Include="PE\Asset\Scene.hpp" />
    <ClInclude Include="PE\Asset\SoundChannel.hpp" />
    <ClInclude Include="PE\Asset\Sprite.hpp" />
    <ClInclude Include="PE\Asset\Tile.hpp" />
    <ClInclude Include="PE\GameObject\GameObject.hpp" />
    <ClInclude Include="PE\Utils\ArrayList.hpp" />
    <ClInclude Include="PE\Utils\Color.hpp" />
    <ClInclude Include="PE\Utils\Map.hpp" />
    <ClInclude Include="PE\Utils\Random.hpp" />
    <ClInclude Include="PE\Utils\String.hpp" />
    <ClInclude Include="PE\Utils\Vector2.hpp" />
    <ClInclude Include="PE\GameObject.hpp" />
    <ClInclude Include="PE\Utils.hpp" />
    <ClInclude Include="PE\Asset.hpp" />
    <ClInclude Include="PE\Utils\Math.hpp" />
    <ClInclude Include="PE\Utils\StringBuilder.hpp" />
    <ClInclude Include="PE\Utils\Exceptions\OperatorException.hpp" />
    <ClInclude Include="PE\Utils\MemberCheck.hpp" />
    <ClInclude Include="PE\Graphics\Font.hpp" />
    <ClInclude Include="PE\GameObject\GameComponent\UI\TextRenderer.hpp" />
    <ClInclude Include="PE\GameObject\GameComponent\GameComponent.hpp" />
    <ClInclude Include="PE\GameObject\GameComponent\SpriteRenderer.hpp" />
    <ClInclude Include="PE\GameObject\GameComponent\TileMap.hpp" />
    <ClInclude Include="PE\GameObject\GameComponent\RigidBody2D.hpp" />
    <ClInclude Include="PE\GameObject\GameComponent\Camera.hpp" />
    <ClInclude Include="PE\GameObject\GameComponent\BoxCollider2D.hpp" />
    <ClInclude Include="PE\GameObject\GameComponent\Audio.hpp" />
    <ClInclude Include="PE\GameObject\GameComponent\Animator.hpp" />
    <ClInclude Include="PE\Utils\SmartPointers\SharedPtr.hpp" />
    <ClInclude Include="PE\Engine\UI\EnginePanel.hpp" />
    <ClInclude Include="PE\Utils\File.hpp" />
    <ClInclude Include="PE\Asset\AssetsBuffer.hpp" />
    <ClInclude Include="PE\Utils\Exceptions\FileNotFoundException.hpp" />
    <ClInclude Include="PE\Utils\Exceptions\Exception.hpp" />
    <ClInclude Include="PE\Utils\Json.hpp" />
    <ClInclude Include="PE\Utils\Exceptions\IndexOutOfRangeException.hpp" />
    <ClInclude Include="PE\Utils\Exceptions\BadJsonFormatException.hpp" />
    <ClInclude Include="PE\Utils\Exceptions\BadFormatException.hpp" />
    <ClInclude Include="PE\Utils\Transform.hpp" />
  </ItemGroup>
</Project>